
Microsoft Visual Studio Solution File, Format Version 12.00
# Visual Studio Version 17
VisualStudioVersion = 17.10.35931.201
MinimumVisualStudioVersion = 10.0.40219.1
Project("{FAE04EC0-301F-11D3-BF4B-00C04F79EFBC}") = "LearnGitHubMuruga", "LearnGitHubMuruga\LearnGitHubMuruga.csproj", "{81B7DA84-2A2F-413D-A8AC-597E32B93042}"
EndProject
Global
	GlobalSection(SolutionConfigurationPlatforms) = preSolution
		Debug|Any CPU = Debug|Any CPU
		Release|Any CPU = Release|Any CPU
	EndGlobalSection
	GlobalSection(ProjectConfigurationPlatforms) = postSolution
		{81B7DA84-2A2F-413D-A8AC-597E32B93042}.Debug|Any CPU.ActiveCfg = Debug|Any CPU
		{81B7DA84-2A2F-413D-A8AC-597E32B93042}.Debug|Any CPU.Build.0 = Debug|Any CPU
		{81B7DA84-2A2F-413D-A8AC-597E32B93042}.Release|Any CPU.ActiveCfg = Release|Any CPU
		{81B7DA84-2A2F-413D-A8AC-597E32B93042}.Release|Any CPU.Build.0 = Release|Any CPU
	EndGlobalSection
	GlobalSection(SolutionProperties) = preSolution
		HideSolutionNode = FALSE
	EndGlobalSection
	GlobalSection(ExtensibilityGlobals) = postSolution
		SolutionGuid = {78C76690-FA6E-4C34-9F8C-6FAD272B75FE}
	EndGlobalSection
EndGlobal
